{
  "version": 4,
  "terraform_version": "1.13.1",
  "serial": 4,
  "lineage": "4c8502e2-4bea-4582-2f1b-b0ddad85fd1f",
  "outputs": {
    "file_path": {
      "value": "./greeting.txt",
      "type": "string"
    }
  },
  "resources": [
    {
      "mode": "managed",
      "type": "local_file",
      "name": "example",
      "provider": "provider[\"registry.terraform.io/hashicorp/local\"]",
      "instances": [
        {
          "schema_version": 0,
          "attributes": {
            "content": "Hello from tfvars file!",
            "content_base64": null,
            "content_base64sha256": "rx8OWiRhokqcUBzT3Z16ZK7lJlPS1PYbkg7UU7zzW5Y=",
            "content_base64sha512": "kkFtXy8E+G0BspLDovRpclPF5IBkjQs3JRv8i8+HfEkfj5Iiazt/evP9Vqzos8kao6+NwhcZ7uxoorJing0jOw==",
            "content_md5": "e51c2831e3ab2b11f26e25ead5c520de",
            "content_sha1": "bcf72f3436604f300e1542f90ac1fdfc0fd7492a",
            "content_sha256": "af1f0e5a2461a24a9c501cd3dd9d7a64aee52653d2d4f61b920ed453bcf35b96",
            "content_sha512": "92416d5f2f04f86d01b292c3a2f4697253c5e480648d0b37251bfc8bcf877c491f8f92226b3b7f7af3fd56ace8b3c91aa3af8dc21719eeec68a2b2629e0d233b",
            "directory_permission": "0777",
            "file_permission": "0777",
            "filename": "./greeting.txt",
            "id": "bcf72f3436604f300e1542f90ac1fdfc0fd7492a",
            "sensitive_content": null,
            "source": null
          },
          "sensitive_attributes": [
            [
              {
                "type": "get_attr",
                "value": "sensitive_content"
              }
            ]
          ],
          "identity_schema_version": 0
        }
      ]
    }
  ],
  "check_results": null
}
