{
  "version": 4,
  "terraform_version": "1.13.1",
  "serial": 1,
  "lineage": "4c8502e2-4bea-4582-2f1b-b0ddad85fd1f",
  "outputs": {
    "file_path": {
      "value": "./hello.txt",
      "type": "string"
    }
  },
  "resources": [
    {
      "mode": "managed",
      "type": "local_file",
      "name": "example",
      "provider": "provider[\"registry.terraform.io/hashicorp/local\"]",
      "instances": [
        {
          "schema_version": 0,
          "attributes": {
            "content": "Learning Terraform Variables!",
            "content_base64": null,
            "content_base64sha256": "nLq+JC7zNalmevCUVOqjlyN0t81JefIsq58ZPX9S0Mk=",
            "content_base64sha512": "BJBAEG7an5kcZUGQtQB67FGB/oP0VmnWNkUj/fngpfr6Ldd8A37kltiW0S2HUd7JxSbRwAP5AFnCzaOkwzLURg==",
            "content_md5": "4a6b5a32f47cccbfea66b34471b443a0",
            "content_sha1": "9ba1eb99933dd57c3e7aad6ad55548ccf23c6e3b",
            "content_sha256": "9cbabe242ef335a9667af09454eaa3972374b7cd4979f22cab9f193d7f52d0c9",
            "content_sha512": "049040106eda9f991c654190b5007aec5181fe83f45669d6364523fdf9e0a5fafa2dd77c037ee496d896d12d8751dec9c526d1c003f90059c2cda3a4c332d446",
            "directory_permission": "0777",
            "file_permission": "0777",
            "filename": "./hello.txt",
            "id": "9ba1eb99933dd57c3e7aad6ad55548ccf23c6e3b",
            "sensitive_content": null,
            "source": null
          },
          "sensitive_attributes": [
            [
              {
                "type": "get_attr",
                "value": "sensitive_content"
              }
            ]
          ],
          "identity_schema_version": 0
        }
      ]
    }
  ],
  "check_results": null
}
