{
  "version": 4,
  "terraform_version": "1.13.1",
  "serial": 5,
  "lineage": "7f918273-7c23-b87e-c16f-086cb248f301",
  "outputs": {},
  "resources": [
    {
      "mode": "managed",
      "type": "local_file",
      "name": "env",
      "provider": "provider[\"registry.terraform.io/hashicorp/local\"]",
      "instances": [
        {
          "schema_version": 0,
          "attributes": {
            "content": "Using t2.micro",
            "content_base64": null,
            "content_base64sha256": "oSwYFJAey9qUlZvb0MyP7UQGx9Mj8AlaL6Q+euL9RoU=",
            "content_base64sha512": "i689ddPXNOx9zT0PzTSrachiBiPdzrDqpXv3KW4mZpt2SigXJ916V44MHpGy7bdoj3/DbjlO8y5A1FheUSTu0w==",
            "content_md5": "10a6a915e5c4ebdcaaa667742b5d3a46",
            "content_sha1": "3cf79767e380e4661b8abe53ab78aa2017e61e68",
            "content_sha256": "a12c1814901ecbda94959bdbd0cc8fed4406c7d323f0095a2fa43e7ae2fd4685",
            "content_sha512": "8baf3d75d3d734ec7dcd3d0fcd34ab69c8620623ddceb0eaa57bf7296e26669b764a281727dd7a578e0c1e91b2edb7688f7fc36e394ef32e40d4585e5124eed3",
            "directory_permission": "0777",
            "file_permission": "0777",
            "filename": "./env.txt",
            "id": "3cf79767e380e4661b8abe53ab78aa2017e61e68",
            "sensitive_content": null,
            "source": null
          },
          "sensitive_attributes": [
            [
              {
                "type": "get_attr",
                "value": "sensitive_content"
              }
            ]
          ],
          "identity_schema_version": 0
        }
      ]
    },
    {
      "mode": "managed",
      "type": "local_file",
      "name": "f",
      "provider": "provider[\"registry.terraform.io/hashicorp/local\"]",
      "instances": [
        {
          "schema_version": 0,
          "attributes": {
            "content": "TERRAFORM\nintern\nHi Team\naws, linux, terraform",
            "content_base64": null,
            "content_base64sha256": "EDOUw23mI7BEgA2dHmVz0Kd37Ccbm2NTK8UGHvsluxY=",
            "content_base64sha512": "SZh7j82aYf7teh0M4lncOXzVG/TooAbi5ddY3xQXin/tQblm8cPnhRXSClDq3+lu5m+YmKIUmIJTgSjon0AEpA==",
            "content_md5": "7106fe2fea6c34472499e9575a8d6d96",
            "content_sha1": "85740817b9546c8964c7b7af915d520ba9cec71c",
            "content_sha256": "103394c36de623b044800d9d1e6573d0a777ec271b9b63532bc5061efb25bb16",
            "content_sha512": "49987b8fcd9a61feed7a1d0ce259dc397cd51bf4e8a006e2e5d758df14178a7fed41b966f1c3e78515d20a50eadfe96ee66f9898a2149882538128e89f4004a4",
            "directory_permission": "0777",
            "file_permission": "0777",
            "filename": "./func.txt",
            "id": "85740817b9546c8964c7b7af915d520ba9cec71c",
            "sensitive_content": null,
            "source": null
          },
          "sensitive_attributes": [
            [
              {
                "type": "get_attr",
                "value": "sensitive_content"
              }
            ]
          ],
          "identity_schema_version": 0
        }
      ]
    },
    {
      "mode": "managed",
      "type": "local_file",
      "name": "greetings",
      "provider": "provider[\"registry.terraform.io/hashicorp/local\"]",
      "instances": [
        {
          "schema_version": 0,
          "attributes": {
            "content": "Hello SANJAY\nHello HARJEET\nHello DHAVAL",
            "content_base64": null,
            "content_base64sha256": "ZtUeW6I0qO5VjBNN5DMNo7+F+73X4z/9Vm/9U/L0oo4=",
            "content_base64sha512": "euEb3CBiu8JXb2sDJfBmxqeymYJmxv8IChv25126cVXhtcOOM4MLnPDijUapOG6lNE2oNKlO5jQx3tndym3LBg==",
            "content_md5": "868fd5966ca92e7aaedbf62e71472451",
            "content_sha1": "b9a520efec8ac8254390e95754f9a10483137907",
            "content_sha256": "66d51e5ba234a8ee558c134de4330da3bf85fbbdd7e33ffd566ffd53f2f4a28e",
            "content_sha512": "7ae11bdc2062bbc2576f6b0325f066c6a7b2998266c6ff080a1bf6e75dba7155e1b5c38e33830b9cf0e28d46a9386ea5344da834a94ee63431ded9ddca6dcb06",
            "directory_permission": "0777",
            "file_permission": "0777",
            "filename": "./greetings.txt",
            "id": "b9a520efec8ac8254390e95754f9a10483137907",
            "sensitive_content": null,
            "source": null
          },
          "sensitive_attributes": [
            [
              {
                "type": "get_attr",
                "value": "sensitive_content"
              }
            ]
          ],
          "identity_schema_version": 0
        }
      ]
    }
  ],
  "check_results": null
}
