{
  "version": 4,
  "terraform_version": "1.13.1",
  "serial": 5,
  "lineage": "96ff3c85-311f-56b8-ae5c-9718248a63ba",
  "outputs": {},
  "resources": [
    {
      "mode": "managed",
      "type": "local_file",
      "name": "hello",
      "provider": "provider[\"registry.terraform.io/hashicorp/local\"]",
      "instances": [
        {
          "schema_version": 0,
          "attributes": {
            "content": "Hello, Terraform Interns!",
            "content_base64": null,
            "content_base64sha256": "0+VqdGYNHFPyaDv9UdZAEhYdF3kzLM8TYbp0lZW8SA0=",
            "content_base64sha512": "bsVWhs/4MxB5GH5gD9hYY4MwtMyi7Jczns1lTBRQn1d0g1xVeuC8h01aaG8FDiE5v99P3BdiqBEhJNjlOGXbvQ==",
            "content_md5": "9ef3110b3e4913a14728ce747113319d",
            "content_sha1": "ae14ca7332bd5cf19829d0e8e274ab44c88ac0d3",
            "content_sha256": "d3e56a74660d1c53f2683bfd51d64012161d1779332ccf1361ba749595bc480d",
            "content_sha512": "6ec55686cff8331079187e600fd858638330b4cca2ec97339ecd654c14509f5774835c557ae0bc874d5a686f050e2139bfdf4fdc1762a8112124d8e53865dbbd",
            "directory_permission": "0777",
            "file_permission": "0777",
            "filename": "./hello.txt",
            "id": "ae14ca7332bd5cf19829d0e8e274ab44c88ac0d3",
            "sensitive_content": null,
            "source": null
          },
          "sensitive_attributes": [
            [
              {
                "type": "get_attr",
                "value": "sensitive_content"
              }
            ]
          ],
          "identity_schema_version": 0
        }
      ]
    }
  ],
  "check_results": null
}
